# This file is automatically @generated by Cargo.
# It is not intended for manual editing.
version = 4

[[package]]
name = "hello-rs"
version = "0.1.0"
dependencies = [
 "libthyla-rs",
]

[[package]]
name = "irq-bench"
version = "0.1.0"
dependencies = [
 "libthyla-rs",
]

[[package]]
name = "irq-probe"
version = "0.1.0"
dependencies = [
 "libthyla-rs",
]

[[package]]
name = "libthyla-rs"
version = "0.1.0"

[[package]]
name = "mmio-probe"
version = "0.1.0"
dependencies = [
 "libthyla-rs",
]

[[package]]
name = "virtio-blk-probe"
version = "0.1.0"
dependencies = [
 "libthyla-rs",
]

[[package]]
name = "virtio-blk-rw"
version = "0.1.0"
dependencies = [
 "libthyla-rs",
]

[[package]]
name = "virtio-net-arp"
version = "0.1.0"
dependencies = [
 "libthyla-rs",
]

[[package]]
name = "virtio-net-loop"
version = "0.1.0"
dependencies = [
 "libthyla-rs",
]

[[package]]
name = "virtio-net-probe"
version = "0.1.0"
dependencies = [
 "libthyla-rs",
]
