# This file is automatically @generated by Cargo.
# It is not intended for manual editing.
version = 4

[[package]]
name = "beacon"
version = "0.1.0"

[[package]]
name = "manual"
version = "0.1.0"
dependencies = [
 "beacon",
]

[[package]]
name = "manual-check"
version = "0.1.0"
dependencies = [
 "manual",
]
